# This file is automatically @generated by Poetry 1.8.3 and should not be changed by hand.

[[package]]
name = "attrs"
version = "24.1.0"
description = "Classes Without Boilerplate"
optional = false
python-versions = ">=3.7"
files = [
    {file = "attrs-24.1.0-py3-none-any.whl", hash = "sha256:377b47448cb61fea38533f671fba0d0f8a96fd58facd4dc518e3dac9dbea0905"},
    {file = "attrs-24.1.0.tar.gz", hash = "sha256:adbdec84af72d38be7628e353a09b6a6790d15cd71819f6e9d7b0faa8a125745"},
]

[package.extras]
benchmark = ["cloudpickle", "hypothesis", "mypy (>=1.11.1)", "pympler", "pytest (>=4.3.0)", "pytest-codspeed", "pytest-mypy-plugins", "pytest-xdist[psutil]"]
cov = ["cloudpickle", "coverage[toml] (>=5.3)", "hypothesis", "mypy (>=1.11.1)", "pympler", "pytest (>=4.3.0)", "pytest-mypy-plugins", "pytest-xdist[psutil]"]
dev = ["cloudpickle", "hypothesis", "mypy (>=1.11.1)", "pre-commit", "pympler", "pytest (>=4.3.0)", "pytest-mypy-plugins", "pytest-xdist[psutil]"]
docs = ["cogapp", "furo", "myst-parser", "sphinx", "sphinx-notfound-page", "sphinxcontrib-towncrier", "towncrier (<24.7)"]
tests = ["cloudpickle", "hypothesis", "mypy (>=1.11.1)", "pympler", "pytest (>=4.3.0)", "pytest-mypy-plugins", "pytest-xdist[psutil]"]
tests-mypy = ["mypy (>=1.11.1)", "pytest-mypy-plugins"]

[[package]]
name = "capstone"
version = "5.0.1"
description = "Capstone disassembly engine"
optional = false
python-versions = ">=2.7, !=3.0.*, !=3.1.*, !=3.2.*, !=3.3.*"
files = [
    {file = "capstone-5.0.1-py3-none-macosx_10_9_universal2.whl", hash = "sha256:740a70624d3f258cf8503898dbfd968052c008ddd4fc4ab938c7046c8828c294"},
    {file = "capstone-5.0.1-py3-none-manylinux1_i686.manylinux_2_5_i686.whl", hash = "sha256:3f34a949699c298e88d7c9a576a2fd7685dba658a9c432bce826eeb88676cf24"},
    {file = "capstone-5.0.1-py3-none-manylinux1_i686.whl", hash = "sha256:08f16c2782e54d05c95f1d40e1ae0e58e4a57d6a6c3192f8c5ff61476f4130de"},
    {file = "capstone-5.0.1-py3-none-manylinux1_x86_64.manylinux_2_5_x86_64.whl", hash = "sha256:ea8d0be06d2faa39545937fe88db239fd62227915f9744d8990439011c479f05"},
    {file = "capstone-5.0.1-py3-none-manylinux1_x86_64.whl", hash = "sha256:04223a4e5c2374f21da59c5c5a5b90471bfcef5cb938e7b32de68579cf863b7a"},
    {file = "capstone-5.0.1-py3-none-win32.whl", hash = "sha256:4356bdee55639c4448d025dc9d8a3b6c07f2b188c62b88df3d554a84e2cd89af"},
    {file = "capstone-5.0.1-py3-none-win_amd64.whl", hash = "sha256:1bfa5c81e6880caf41a31946cd6d2d069c048bcc22edf121254b501a048de675"},
    {file = "capstone-5.0.1.tar.gz", hash = "sha256:740afacc29861db591316beefe30df382c4da08dcb0345a0d10f0cac4f8b1ee2"},
]

[[package]]
name = "fishhook"
version = "0.3.2"
description = "Allows for runtime hooking of static class functions"
optional = false
python-versions = ">=3.8"
files = [
    {file = "fishhook-0.3.2-cp310-cp310-macosx_10_9_x86_64.whl", hash = "sha256:078bbd846006c0c7619b3c7df777cc67280cdb9fe1e930caaf1165678228330d"},
    {file = "fishhook-0.3.2-cp310-cp310-manylinux_2_17_x86_64.manylinux2014_x86_64.whl", hash = "sha256:66d5ab9fd6b89107524ccbe106a987f7e39f322f5a924f6d5312c9a27e82aeda"},
    {file = "fishhook-0.3.2-cp310-cp310-manylinux_2_5_i686.manylinux1_i686.manylinux_2_17_i686.manylinux2014_i686.whl", hash = "sha256:ea1d08716d078f00e70a3f2539db775d91703caba083decd78fcc3ee3a88e514"},
    {file = "fishhook-0.3.2-cp310-cp310-musllinux_1_1_i686.whl", hash = "sha256:7f8f8724f0adfcc38815f38647e1aaa67a5522db45c346bb62bd6da4bdad5272"},
    {file = "fishhook-0.3.2-cp310-cp310-musllinux_1_1_x86_64.whl", hash = "sha256:dfb793d1beed5c9bfaffab9e75ddb8efeeadbb4c74c8b86b8e1b25b4cbeedff3"},
    {file = "fishhook-0.3.2-cp310-cp310-win32.whl", hash = "sha256:3116d11d605241e4b0b5c78791905994fda9fe9a79d2c30522c928acfd12ec7a"},
    {file = "fishhook-0.3.2-cp310-cp310-win_amd64.whl", hash = "sha256:63a54688c58539aa3eadc3a69eb5932cdb9508b94e5b8351eac06eb9a6946b1b"},
    {file = "fishhook-0.3.2-cp311-cp311-macosx_10_9_x86_64.whl", hash = "sha256:3ee718a0809e554404a8ebcfa81e202f18b97d3ef1eb7a52f02440abc62aa3bf"},
    {file = "fishhook-0.3.2-cp311-cp311-manylinux_2_17_x86_64.manylinux2014_x86_64.whl", hash = "sha256:76ca3cead5709399037fac00cb6c0449dcfeb53ec39bff79f58147a7d186d9f2"},
    {file = "fishhook-0.3.2-cp311-cp311-manylinux_2_5_i686.manylinux1_i686.manylinux_2_17_i686.manylinux2014_i686.whl", hash = "sha256:57404083d232af30083571a7447df26fbf18fb58bf444f1ced9dedbe3a228ae0"},
    {file = "fishhook-0.3.2-cp311-cp311-musllinux_1_1_i686.whl", hash = "sha256:d64a784b05ad60e11c99fba3cd17385b798705d4f944a7947537a52aaacbac78"},
    {file = "fishhook-0.3.2-cp311-cp311-musllinux_1_1_x86_64.whl", hash = "sha256:60135907097e30cabef1a96a4a6a71988dee66fb718a5dff487c9adbe6f4dff6"},
    {file = "fishhook-0.3.2-cp311-cp311-win32.whl", hash = "sha256:f1a04d64e314ec6aaf50220fb4017749f87815265ba990c48b12cb545dec945b"},
    {file = "fishhook-0.3.2-cp311-cp311-win_amd64.whl", hash = "sha256:c8d025fddd38b324b3c5a2ad67f1892cb7c736ee966120710743344e16ac8730"},
    {file = "fishhook-0.3.2-cp312-cp312-macosx_10_9_x86_64.whl", hash = "sha256:28c969cb72bd5cae364befc5b8c8ed7f8109a0c73f4dc033ec2d74e41ddf8565"},
    {file = "fishhook-0.3.2-cp312-cp312-manylinux_2_17_x86_64.manylinux2014_x86_64.whl", hash = "sha256:3edf9bb596813fba3bb141c3efb4d66343316f961eb52514813bb203e55c4ced"},
    {file = "fishhook-0.3.2-cp312-cp312-manylinux_2_5_i686.manylinux1_i686.manylinux_2_17_i686.manylinux2014_i686.whl", hash = "sha256:f1d8951906f421a1cdb74522176e99f6a1dbf89b1fd976e7e0c9d1dac4b48c22"},
    {file = "fishhook-0.3.2-cp312-cp312-musllinux_1_1_i686.whl", hash = "sha256:b6378512de7112ce22921c080068a23d0767109f1d5e3830ff8f2e08354479c5"},
    {file = "fishhook-0.3.2-cp312-cp312-musllinux_1_1_x86_64.whl", hash = "sha256:ac4cf5ad1be33b6ffc05e57d9446c498ca99c9e542f3832f328d381366c9294b"},
    {file = "fishhook-0.3.2-cp312-cp312-win32.whl", hash = "sha256:23e553a4f692515ca87bbc8a4e4d5fbdd557b5b8c4be9dc00838182aeb6e5f58"},
    {file = "fishhook-0.3.2-cp312-cp312-win_amd64.whl", hash = "sha256:081a895f41a961881b687487fcb8d74b044791f00b390073b2f5ad704a385fcf"},
    {file = "fishhook-0.3.2-cp38-cp38-macosx_10_9_x86_64.whl", hash = "sha256:6db217e150ad1e0f7fea2010474e98a1a69e0157a1f028ab114a7eb7c0dd704f"},
    {file = "fishhook-0.3.2-cp38-cp38-manylinux_2_17_x86_64.manylinux2014_x86_64.whl", hash = "sha256:12de15eb9d31b6456595af1f6e987ce55d104c97349bdb503c067fc5f017ec73"},
    {file = "fishhook-0.3.2-cp38-cp38-manylinux_2_5_i686.manylinux1_i686.manylinux_2_17_i686.manylinux2014_i686.whl", hash = "sha256:215461c2fb4bbf898855827de9f7675c250367dc5ce03cb3f69d60febc375782"},
    {file = "fishhook-0.3.2-cp38-cp38-musllinux_1_1_i686.whl", hash = "sha256:a59ffeab407d6a08ab9128fc85a9767b6e331d04c12ef2f5b5c306acc61292fc"},
    {file = "fishhook-0.3.2-cp38-cp38-musllinux_1_1_x86_64.whl", hash = "sha256:3d7989362525d7750fc807c58614604602b50748d11a002baecbe76604b1ec5b"},
    {file = "fishhook-0.3.2-cp38-cp38-win32.whl", hash = "sha256:3dd8229a9dd230f95539b5f30b30fe373a2cac9407e2dcce8a77af399318401f"},
    {file = "fishhook-0.3.2-cp38-cp38-win_amd64.whl", hash = "sha256:8398f3564d8aa3a13cf2df205aa45a7320094a8d6b4e05d0ed9b740a9e29fadf"},
    {file = "fishhook-0.3.2-cp39-cp39-macosx_10_9_x86_64.whl", hash = "sha256:65151d1d223c280a4f55b8bf4968eab91965750edd8b973935f9fa461c3b206a"},
    {file = "fishhook-0.3.2-cp39-cp39-manylinux_2_17_x86_64.manylinux2014_x86_64.whl", hash = "sha256:ef5fb0563680d602d030b2aefddcff2a81d380f0d3b55130f6609d82e5b8723e"},
    {file = "fishhook-0.3.2-cp39-cp39-manylinux_2_5_i686.manylinux1_i686.manylinux_2_17_i686.manylinux2014_i686.whl", hash = "sha256:c381abd6993d4503c2011b96401dc63f5e3e7e2379252fd5dc3ca15bf815e903"},
    {file = "fishhook-0.3.2-cp39-cp39-musllinux_1_1_i686.whl", hash = "sha256:3c243f9467018827a9be04e642d76ca89226a804df6e8331272a875732379d36"},
    {file = "fishhook-0.3.2-cp39-cp39-musllinux_1_1_x86_64.whl", hash = "sha256:a34615393c32890939dc5ac04fe450a44f1ede7da8892f50c5335233f2f9b99c"},
    {file = "fishhook-0.3.2-cp39-cp39-win32.whl", hash = "sha256:c2f9b18f421819b6326fb9cad71df09a2b973ecb85bbdaf8dd8fae2f3fe7f0b4"},
    {file = "fishhook-0.3.2-cp39-cp39-win_amd64.whl", hash = "sha256:f8236eac4b84fbc773016842afa1a5c402a48a26fee28e379e7b8eb793174805"},
    {file = "fishhook-0.3.2-pp310-pypy310_pp73-macosx_10_9_x86_64.whl", hash = "sha256:85bfd2687835a2767fde6b85d5667c8f7511551c22cde09e7c318537aac1e7ca"},
    {file = "fishhook-0.3.2-pp310-pypy310_pp73-manylinux_2_17_x86_64.manylinux2014_x86_64.whl", hash = "sha256:2174126945adf70aef8dfded2d4e1b163840d86b69ff2c25cb863e61190bbc8c"},
    {file = "fishhook-0.3.2-pp310-pypy310_pp73-manylinux_2_5_i686.manylinux1_i686.manylinux_2_17_i686.manylinux2014_i686.whl", hash = "sha256:cd8339ff34f3d38055140320ac9e41fbc702bc0987d556a07535d6a7141104fc"},
    {file = "fishhook-0.3.2-pp310-pypy310_pp73-win_amd64.whl", hash = "sha256:f7b846977ac7e08addb8338f3e510e622fe45c292f1ce6380547a6cb86595ed4"},
    {file = "fishhook-0.3.2-pp38-pypy38_pp73-macosx_10_9_x86_64.whl", hash = "sha256:59c6f4ff90ae13bfeddcba7087a7cc385379afda9a8a6cf6d7344c073d3fde05"},
    {file = "fishhook-0.3.2-pp38-pypy38_pp73-manylinux_2_17_x86_64.manylinux2014_x86_64.whl", hash = "sha256:960a840554177183104d9c210f87a4ac31722177965f587fe902d2f74721eb95"},
    {file = "fishhook-0.3.2-pp38-pypy38_pp73-manylinux_2_5_i686.manylinux1_i686.manylinux_2_17_i686.manylinux2014_i686.whl", hash = "sha256:138452ca0ef1803cd3855a7604b2e71083634048c6d58bb93ac139d6ef13c7dd"},
    {file = "fishhook-0.3.2-pp38-pypy38_pp73-win_amd64.whl", hash = "sha256:4a85e99e34395e78646d37b05cb3e7d6e0dbbdc8de36402d94e1d2c90a13af1c"},
    {file = "fishhook-0.3.2-pp39-pypy39_pp73-macosx_10_9_x86_64.whl", hash = "sha256:0b6b6884421dd0839c2260d6acbc0e84df964a0c5d42118548f504917785f43e"},
    {file = "fishhook-0.3.2-pp39-pypy39_pp73-manylinux_2_17_x86_64.manylinux2014_x86_64.whl", hash = "sha256:7b015892a975100ca039f1503f43116df8e16574fbb54a42030db1b27b5520ee"},
    {file = "fishhook-0.3.2-pp39-pypy39_pp73-manylinux_2_5_i686.manylinux1_i686.manylinux_2_17_i686.manylinux2014_i686.whl", hash = "sha256:0691480409c680c301bf76d2f2f1ad451992896d26af9eb4cd04066cf3870ca6"},
    {file = "fishhook-0.3.2-pp39-pypy39_pp73-win_amd64.whl", hash = "sha256:bc49942c9d89866640cfff8ef1ea866b14e21aaedbb01d774126fe3033c2d0a0"},
    {file = "fishhook-0.3.2.tar.gz", hash = "sha256:9c0b04769c89d7bcf957e6f32fee100df2c0f523aa1d0f9fa2bf8621d3f48bcb"},
]

[package.dependencies]
capstone = "*"
keystone-engine = "*"

[[package]]
name = "isort"
version = "5.13.2"
description = "A Python utility / library to sort Python imports."
optional = false
python-versions = ">=3.8.0"
files = [
    {file = "isort-5.13.2-py3-none-any.whl", hash = "sha256:8ca5e72a8d85860d5a3fa69b8745237f2939afe12dbf656afbcb47fe72d947a6"},
    {file = "isort-5.13.2.tar.gz", hash = "sha256:48fdfcb9face5d58a4f6dde2e72a1fb8dcaf8ab26f95ab49fab84c2ddefb0109"},
]

[package.extras]
colors = ["colorama (>=0.4.6)"]

[[package]]
name = "keystone-engine"
version = "0.9.2"
description = "Keystone assembler engine"
optional = false
python-versions = "*"
files = [
    {file = "keystone-engine-0.9.2.tar.gz", hash = "sha256:2f7af62dab0ce6c2732dbb4f31cfa2184a8a149e280b96b92ebc0db84c6e50f5"},
    {file = "keystone_engine-0.9.2-py2.py3-none-macosx_10_14_x86_64.whl", hash = "sha256:dafcc3d9450c239cbc54148855b79c4b387777099c6d054005c835768cf955f2"},
    {file = "keystone_engine-0.9.2-py2.py3-none-manylinux1_i686.whl", hash = "sha256:9e04dea5a2b50509b7b707abdb395de42772c40faa36131ea94482fba8dd5d9f"},
    {file = "keystone_engine-0.9.2-py2.py3-none-manylinux1_x86_64.whl", hash = "sha256:5a5316a34323620b1bba31dcfe9e4b4ca6f0c030e82fc7a151da7c8fbe81a379"},
    {file = "keystone_engine-0.9.2-py2.py3-none-win32.whl", hash = "sha256:9f81e480904a405ef008f1d9f0e4a05e37d2bd83c5218a27136e1a294b02c1f6"},
    {file = "keystone_engine-0.9.2-py2.py3-none-win_amd64.whl", hash = "sha256:c91db1ff16d9d094e00d1827107d1b4afd5e63ce19b491a0140e660635000e8b"},
]

[[package]]
name = "ruff"
version = "0.5.6"
description = "An extremely fast Python linter and code formatter, written in Rust."
optional = false
python-versions = ">=3.7"
files = [
    {file = "ruff-0.5.6-py3-none-linux_armv6l.whl", hash = "sha256:a0ef5930799a05522985b9cec8290b185952f3fcd86c1772c3bdbd732667fdcd"},
    {file = "ruff-0.5.6-py3-none-macosx_10_12_x86_64.whl", hash = "sha256:b652dc14f6ef5d1552821e006f747802cc32d98d5509349e168f6bf0ee9f8f42"},
    {file = "ruff-0.5.6-py3-none-macosx_11_0_arm64.whl", hash = "sha256:80521b88d26a45e871f31e4b88938fd87db7011bb961d8afd2664982dfc3641a"},
    {file = "ruff-0.5.6-py3-none-manylinux_2_17_aarch64.manylinux2014_aarch64.whl", hash = "sha256:d9bc8f328a9f1309ae80e4d392836e7dbc77303b38ed4a7112699e63d3b066ab"},
    {file = "ruff-0.5.6-py3-none-manylinux_2_17_armv7l.manylinux2014_armv7l.whl", hash = "sha256:4d394940f61f7720ad371ddedf14722ee1d6250fd8d020f5ea5a86e7be217daf"},
    {file = "ruff-0.5.6-py3-none-manylinux_2_17_i686.manylinux2014_i686.whl", hash = "sha256:111a99cdb02f69ddb2571e2756e017a1496c2c3a2aeefe7b988ddab38b416d36"},
    {file = "ruff-0.5.6-py3-none-manylinux_2_17_ppc64.manylinux2014_ppc64.whl", hash = "sha256:e395daba77a79f6dc0d07311f94cc0560375ca20c06f354c7c99af3bf4560c5d"},
    {file = "ruff-0.5.6-py3-none-manylinux_2_17_ppc64le.manylinux2014_ppc64le.whl", hash = "sha256:c476acb43c3c51e3c614a2e878ee1589655fa02dab19fe2db0423a06d6a5b1b6"},
    {file = "ruff-0.5.6-py3-none-manylinux_2_17_s390x.manylinux2014_s390x.whl", hash = "sha256:e2ff8003f5252fd68425fd53d27c1f08b201d7ed714bb31a55c9ac1d4c13e2eb"},
    {file = "ruff-0.5.6-py3-none-manylinux_2_17_x86_64.manylinux2014_x86_64.whl", hash = "sha256:c94e084ba3eaa80c2172918c2ca2eb2230c3f15925f4ed8b6297260c6ef179ad"},
    {file = "ruff-0.5.6-py3-none-musllinux_1_2_aarch64.whl", hash = "sha256:1f77c1c3aa0669fb230b06fb24ffa3e879391a3ba3f15e3d633a752da5a3e670"},
    {file = "ruff-0.5.6-py3-none-musllinux_1_2_armv7l.whl", hash = "sha256:f908148c93c02873210a52cad75a6eda856b2cbb72250370ce3afef6fb99b1ed"},
    {file = "ruff-0.5.6-py3-none-musllinux_1_2_i686.whl", hash = "sha256:563a7ae61ad284187d3071d9041c08019975693ff655438d8d4be26e492760bd"},
    {file = "ruff-0.5.6-py3-none-musllinux_1_2_x86_64.whl", hash = "sha256:94fe60869bfbf0521e04fd62b74cbca21cbc5beb67cbb75ab33fe8c174f54414"},
    {file = "ruff-0.5.6-py3-none-win32.whl", hash = "sha256:e6a584c1de6f8591c2570e171cc7ce482bb983d49c70ddf014393cd39e9dfaed"},
    {file = "ruff-0.5.6-py3-none-win_amd64.whl", hash = "sha256:d7fe7dccb1a89dc66785d7aa0ac283b2269712d8ed19c63af908fdccca5ccc1a"},
    {file = "ruff-0.5.6-py3-none-win_arm64.whl", hash = "sha256:57c6c0dd997b31b536bff49b9eee5ed3194d60605a4427f735eeb1f9c1b8d264"},
    {file = "ruff-0.5.6.tar.gz", hash = "sha256:07c9e3c2a8e1fe377dd460371c3462671a728c981c3205a5217291422209f642"},
]

[metadata]
lock-version = "2.0"
python-versions = "^3.9"
content-hash = "0ce886aace6653e8eced94c78e688a77e20ddeabc648cd539033afb2ed4bbea0"
